
Microsoft Visual Studio Solution File, Format Version 12.00
# Visual Studio Version 17
VisualStudioVersion = 17.0.31903.59
MinimumVisualStudioVersion = 10.0.40219.1
Project("{FAE04EC0-301F-11D3-BF4B-00C04F79EFBC}") = "Cinema.Core", "Cinema.Core\Cinema.Core.csproj", "{C10F5116-95B2-4563-ADEC-F257732AE911}"
EndProject
Project("{FAE04EC0-301F-11D3-BF4B-00C04F79EFBC}") = "Cinema.Infrastructure", "Cinema.Infrastructure\Cinema.Infrastructure.csproj", "{EBB60F96-DB92-46B8-ADB9-5B68ECB017DB}"
EndProject
Project("{FAE04EC0-301F-11D3-BF4B-00C04F79EFBC}") = "Cinema.WebApi", "Cinema.WebApi\Cinema.WebApi.csproj", "{F92C4231-326F-44C2-BD97-1DF05B03DAC5}"
EndProject
Project("{FAE04EC0-301F-11D3-BF4B-00C04F79EFBC}") = "Cinema.MinimalWebApi", "Cinema.MinimalWebApi\Cinema.MinimalWebApi.csproj", "{EB171271-664E-4F43-9D98-96749B1E4B3B}"
EndProject
Global
	GlobalSection(SolutionConfigurationPlatforms) = preSolution
		Debug|Any CPU = Debug|Any CPU
		Release|Any CPU = Release|Any CPU
	EndGlobalSection
	GlobalSection(SolutionProperties) = preSolution
		HideSolutionNode = FALSE
	EndGlobalSection
	GlobalSection(ProjectConfigurationPlatforms) = postSolution
		{C10F5116-95B2-4563-ADEC-F257732AE911}.Debug|Any CPU.ActiveCfg = Debug|Any CPU
		{C10F5116-95B2-4563-ADEC-F257732AE911}.Debug|Any CPU.Build.0 = Debug|Any CPU
		{C10F5116-95B2-4563-ADEC-F257732AE911}.Release|Any CPU.ActiveCfg = Release|Any CPU
		{C10F5116-95B2-4563-ADEC-F257732AE911}.Release|Any CPU.Build.0 = Release|Any CPU
		{EBB60F96-DB92-46B8-ADB9-5B68ECB017DB}.Debug|Any CPU.ActiveCfg = Debug|Any CPU
		{EBB60F96-DB92-46B8-ADB9-5B68ECB017DB}.Debug|Any CPU.Build.0 = Debug|Any CPU
		{EBB60F96-DB92-46B8-ADB9-5B68ECB017DB}.Release|Any CPU.ActiveCfg = Release|Any CPU
		{EBB60F96-DB92-46B8-ADB9-5B68ECB017DB}.Release|Any CPU.Build.0 = Release|Any CPU
		{F92C4231-326F-44C2-BD97-1DF05B03DAC5}.Debug|Any CPU.ActiveCfg = Debug|Any CPU
		{F92C4231-326F-44C2-BD97-1DF05B03DAC5}.Debug|Any CPU.Build.0 = Debug|Any CPU
		{F92C4231-326F-44C2-BD97-1DF05B03DAC5}.Release|Any CPU.ActiveCfg = Release|Any CPU
		{F92C4231-326F-44C2-BD97-1DF05B03DAC5}.Release|Any CPU.Build.0 = Release|Any CPU
		{EB171271-664E-4F43-9D98-96749B1E4B3B}.Debug|Any CPU.ActiveCfg = Debug|Any CPU
		{EB171271-664E-4F43-9D98-96749B1E4B3B}.Debug|Any CPU.Build.0 = Debug|Any CPU
		{EB171271-664E-4F43-9D98-96749B1E4B3B}.Release|Any CPU.ActiveCfg = Release|Any CPU
		{EB171271-664E-4F43-9D98-96749B1E4B3B}.Release|Any CPU.Build.0 = Release|Any CPU
	EndGlobalSection
EndGlobal
